{
  "nodes": {
    "flake-compat": {
      "flake": false,
      "locked": {
        "lastModified": 1673956053,
        "narHash": "sha256-4gtG9iQuiKITOjNQQeQIpoIB6b16fm+504Ch3sNKLd8=",
        "owner": "edolstra",
        "repo": "flake-compat",
        "rev": "35bb57c0c8d8b62bbfd284272c928ceb64ddbde9",
        "type": "github"
      },
      "original": {
        "owner": "edolstra",
        "repo": "flake-compat",
        "type": "github"
      }
    },
    "nixpkgs": {
      "locked": {
        "lastModified": 1774837408,
        "narHash": "sha256-H1gn4kSP3pozv/iWUEGGr9HZxet0z3YCXa64sS8KoT4=",
        "owner": "nixos",
        "repo": "nixpkgs",
        "rev": "f3a12a51b96a2404139d1e8635561082ca753190",
        "type": "github"
      },
      "original": {
        "owner": "nixos",
        "repo": "nixpkgs",
        "type": "github"
      }
    },
    "root": {
      "inputs": {
        "flake-compat": "flake-compat",
        "nixpkgs": "nixpkgs",
        "silverpond-nix": "silverpond-nix"
      }
    },
    "silverpond-nix": {
      "flake": false,
      "locked": {
        "lastModified": 1773294722,
        "narHash": "sha256-FUrk6BiPV1teE8hvXSQEWzzqz6NKYGP+KX7d/HiW8AQ=",
        "owner": "silverpond",
        "repo": "silverpond-nix",
        "rev": "e3a7ef1fd93f006bb17a4f1c6cf6b04d1041430e",
        "type": "github"
      },
      "original": {
        "owner": "silverpond",
        "repo": "silverpond-nix",
        "type": "github"
      }
    }
  },
  "root": "root",
  "version": 7
}
